
Microsoft Visual Studio Solution File, Format Version 12.00
# Visual Studio 15
VisualStudioVersion = 15.0.26124.0
MinimumVisualStudioVersion = 15.0.26124.0
Project("{2150E333-8FDC-42A3-9474-1A3956D46DE8}") = "src", "src", "{3ADCF458-A31F-4623-B6EB-3B6B27BB209A}"
EndProject
Project("{F2A71F9B-5D33-465A-A702-920D77279786}") = "FsSaltpack", "src\FsSaltpack\FsSaltpack.fsproj", "{8DD3CCE4-A583-4090-B3FF-DF0558A545E5}"
EndProject
Project("{2150E333-8FDC-42A3-9474-1A3956D46DE8}") = "tests", "tests", "{8861D801-86F7-4A24-89BA-D440F725D169}"
EndProject
Project("{F2A71F9B-5D33-465A-A702-920D77279786}") = "FsSaltpack.Tests", "tests\FsSaltpack.Tests\FsSaltpack.Tests.fsproj", "{75987B52-F8C2-44FF-AF6C-D6B10EA175B0}"
EndProject
Project("{F2A71F9B-5D33-465A-A702-920D77279786}") = "saltpack", "src\saltpack\saltpack.fsproj", "{EB70905D-2946-4F24-823C-10F8CB51E039}"
EndProject
Project("{2150E333-8FDC-42A3-9474-1A3956D46DE8}") = "Solution Items", "Solution Items", "{8C4C76C4-18BC-41D7-82B7-4480C73829C0}"
	ProjectSection(SolutionItems) = preProject
		.editorconfig = .editorconfig
		.gitattributes = .gitattributes
		.gitignore = .gitignore
		build.cmd = build.cmd
		build.fsx = build.fsx
		build.sh = build.sh
		FsSaltpack.sln = FsSaltpack.sln
		GitInfo.txt = GitInfo.txt
		global.json = global.json
		paket.dependencies = paket.dependencies
		paket.lock = paket.lock
		README.md = README.md
		RELEASE_NOTES.md = RELEASE_NOTES.md
		.config\dotnet-tools.json = .config\dotnet-tools.json
	EndProjectSection
EndProject
Global
	GlobalSection(SolutionConfigurationPlatforms) = preSolution
		Debug|Any CPU = Debug|Any CPU
		Debug|x64 = Debug|x64
		Debug|x86 = Debug|x86
		Release|Any CPU = Release|Any CPU
		Release|x64 = Release|x64
		Release|x86 = Release|x86
	EndGlobalSection
	GlobalSection(SolutionProperties) = preSolution
		HideSolutionNode = FALSE
	EndGlobalSection
	GlobalSection(ProjectConfigurationPlatforms) = postSolution
		{8DD3CCE4-A583-4090-B3FF-DF0558A545E5}.Debug|Any CPU.ActiveCfg = Debug|Any CPU
		{8DD3CCE4-A583-4090-B3FF-DF0558A545E5}.Debug|Any CPU.Build.0 = Debug|Any CPU
		{8DD3CCE4-A583-4090-B3FF-DF0558A545E5}.Debug|x64.ActiveCfg = Debug|Any CPU
		{8DD3CCE4-A583-4090-B3FF-DF0558A545E5}.Debug|x64.Build.0 = Debug|Any CPU
		{8DD3CCE4-A583-4090-B3FF-DF0558A545E5}.Debug|x86.ActiveCfg = Debug|Any CPU
		{8DD3CCE4-A583-4090-B3FF-DF0558A545E5}.Debug|x86.Build.0 = Debug|Any CPU
		{8DD3CCE4-A583-4090-B3FF-DF0558A545E5}.Release|Any CPU.ActiveCfg = Release|Any CPU
		{8DD3CCE4-A583-4090-B3FF-DF0558A545E5}.Release|Any CPU.Build.0 = Release|Any CPU
		{8DD3CCE4-A583-4090-B3FF-DF0558A545E5}.Release|x64.ActiveCfg = Release|Any CPU
		{8DD3CCE4-A583-4090-B3FF-DF0558A545E5}.Release|x64.Build.0 = Release|Any CPU
		{8DD3CCE4-A583-4090-B3FF-DF0558A545E5}.Release|x86.ActiveCfg = Release|Any CPU
		{8DD3CCE4-A583-4090-B3FF-DF0558A545E5}.Release|x86.Build.0 = Release|Any CPU
		{75987B52-F8C2-44FF-AF6C-D6B10EA175B0}.Debug|Any CPU.ActiveCfg = Debug|Any CPU
		{75987B52-F8C2-44FF-AF6C-D6B10EA175B0}.Debug|Any CPU.Build.0 = Debug|Any CPU
		{75987B52-F8C2-44FF-AF6C-D6B10EA175B0}.Debug|x64.ActiveCfg = Debug|Any CPU
		{75987B52-F8C2-44FF-AF6C-D6B10EA175B0}.Debug|x64.Build.0 = Debug|Any CPU
		{75987B52-F8C2-44FF-AF6C-D6B10EA175B0}.Debug|x86.ActiveCfg = Debug|Any CPU
		{75987B52-F8C2-44FF-AF6C-D6B10EA175B0}.Debug|x86.Build.0 = Debug|Any CPU
		{75987B52-F8C2-44FF-AF6C-D6B10EA175B0}.Release|Any CPU.ActiveCfg = Release|Any CPU
		{75987B52-F8C2-44FF-AF6C-D6B10EA175B0}.Release|Any CPU.Build.0 = Release|Any CPU
		{75987B52-F8C2-44FF-AF6C-D6B10EA175B0}.Release|x64.ActiveCfg = Release|Any CPU
		{75987B52-F8C2-44FF-AF6C-D6B10EA175B0}.Release|x64.Build.0 = Release|Any CPU
		{75987B52-F8C2-44FF-AF6C-D6B10EA175B0}.Release|x86.ActiveCfg = Release|Any CPU
		{75987B52-F8C2-44FF-AF6C-D6B10EA175B0}.Release|x86.Build.0 = Release|Any CPU
		{EB70905D-2946-4F24-823C-10F8CB51E039}.Debug|Any CPU.ActiveCfg = Debug|Any CPU
		{EB70905D-2946-4F24-823C-10F8CB51E039}.Debug|Any CPU.Build.0 = Debug|Any CPU
		{EB70905D-2946-4F24-823C-10F8CB51E039}.Debug|x64.ActiveCfg = Debug|Any CPU
		{EB70905D-2946-4F24-823C-10F8CB51E039}.Debug|x64.Build.0 = Debug|Any CPU
		{EB70905D-2946-4F24-823C-10F8CB51E039}.Debug|x86.ActiveCfg = Debug|Any CPU
		{EB70905D-2946-4F24-823C-10F8CB51E039}.Debug|x86.Build.0 = Debug|Any CPU
		{EB70905D-2946-4F24-823C-10F8CB51E039}.Release|Any CPU.ActiveCfg = Release|Any CPU
		{EB70905D-2946-4F24-823C-10F8CB51E039}.Release|Any CPU.Build.0 = Release|Any CPU
		{EB70905D-2946-4F24-823C-10F8CB51E039}.Release|x64.ActiveCfg = Release|Any CPU
		{EB70905D-2946-4F24-823C-10F8CB51E039}.Release|x64.Build.0 = Release|Any CPU
		{EB70905D-2946-4F24-823C-10F8CB51E039}.Release|x86.ActiveCfg = Release|Any CPU
		{EB70905D-2946-4F24-823C-10F8CB51E039}.Release|x86.Build.0 = Release|Any CPU
	EndGlobalSection
	GlobalSection(NestedProjects) = preSolution
		{8DD3CCE4-A583-4090-B3FF-DF0558A545E5} = {3ADCF458-A31F-4623-B6EB-3B6B27BB209A}
		{75987B52-F8C2-44FF-AF6C-D6B10EA175B0} = {8861D801-86F7-4A24-89BA-D440F725D169}
		{EB70905D-2946-4F24-823C-10F8CB51E039} = {3ADCF458-A31F-4623-B6EB-3B6B27BB209A}
	EndGlobalSection
EndGlobal
